// !$*UTF8*$!
{
	archiveVersion = 1;
	classes = {
	};
	objectVersion = 50;
	objects = {

/* Begin PBXBuildFile section */
		477E1084253E7A1C00A8468C /* AppDelegate.swift in Sources */ = {isa = PBXBuildFile; fileRef = 477E1083253E7A1C00A8468C /* AppDelegate.swift */; };
		477E1086253E7A1C00A8468C /* SceneDelegate.swift in Sources */ = {isa = PBXBuildFile; fileRef = 477E1085253E7A1C00A8468C /* SceneDelegate.swift */; };
		477E1088253E7A1C00A8468C /* ViewController.swift in Sources */ = {isa = PBXBuildFile; fileRef = 477E1087253E7A1C00A8468C /* ViewController.swift */; };
		477E108B253E7A1C00A8468C /* Main.storyboard in Resources */ = {isa = PBXBuildFile; fileRef = 477E1089253E7A1C00A8468C /* Main.storyboard */; };
		477E108D253E7A1E00A8468C /* Assets.xcassets in Resources */ = {isa = PBXBuildFile; fileRef = 477E108C253E7A1E00A8468C /* Assets.xcassets */; };
		477E1090253E7A1E00A8468C /* LaunchScreen.storyboard in Resources */ = {isa = PBXBuildFile; fileRef = 477E108E253E7A1E00A8468C /* LaunchScreen.storyboard */; };
/* End PBXBuildFile section */

/* Begin PBXFileReference section */
		477E1080253E7A1C00A8468C /* MobileExercise1.app */ = {isa = PBXFileReference; explicitFileType = wrapper.application; includeInIndex = 0; path = MobileExercise1.app; sourceTree = BUILT_PRODUCTS_DIR; };
		477E1083253E7A1C00A8468C /* AppDelegate.swift */ = {isa = PBXFileReference; lastKnownFileType = sourcecode.swift; path = AppDelegate.swift; sourceTree = "<group>"; };
		477E1085253E7A1C00A8468C /* SceneDelegate.swift */ = {isa = PBXFileReference; lastKnownFileType = sourcecode.swift; path = SceneDelegate.swift; sourceTree = "<group>"; };
		477E1087253E7A1C00A8468C /* ViewController.swift */ = {isa = PBXFileReference; lastKnownFileType = sourcecode.swift; path = ViewController.swift; sourceTree = "<group>"; };
		477E108A253E7A1C00A8468C /* Base */ = {isa = PBXFileReference; lastKnownFileType = file.storyboard; name = Base; path = Base.lproj/Main.storyboard; sourceTree = "<group>"; };
		477E108C253E7A1E00A8468C /* Assets.xcassets */ = {isa = PBXFileReference; lastKnownFileType = folder.assetcatalog; path = Assets.xcassets; sourceTree = "<group>"; };
		477E108F253E7A1E00A8468C /* Base */ = {isa = PBXFileReference; lastKnownFileType = file.storyboard; name = Base; path = Base.lproj/LaunchScreen.storyboard; sourceTree = "<group>"; };
		477E1091253E7A1E00A8468C /* Info.plist */ = {isa = PBXFileReference; lastKnownFileType = text.plist.xml; path = Info.plist; sourceTree = "<group>"; };
/* End PBXFileReference section */

/* Begin PBXFrameworksBuildPhase section */
		477E107D253E7A1C00A8468C /* Frameworks */ = {
			isa = PBXFrameworksBuildPhase;
			buildActionMask = 2147483647;
			files = (
			);
			runOnlyForDeploymentPostprocessing = 0;
		};
/* End PBXFrameworksBuildPhase section */

/* Begin PBXGroup section */
		477E1077253E7A1C00A8468C = {
			isa = PBXGroup;
			children = (
				477E1082253E7A1C00A8468C /* MobileExercise1 */,
				477E1081253E7A1C00A8468C /* Products */,
			);
			sourceTree = "<group>";
		};
		477E1081253E7A1C00A8468C /* Products */ = {
			isa = PBXGroup;
			children = (
				477E1080253E7A1C00A8468C /* MobileExercise1.app */,
			);
			name = Products;
			sourceTree = "<group>";
		};
		477E1082253E7A1C00A8468C /* MobileExercise1 */ = {
			isa = PBXGroup;
			children = (
				477E1083253E7A1C00A8468C /* AppDelegate.swift */,
				477E1085253E7A1C00A8468C /* SceneDelegate.swift */,
				477E1087253E7A1C00A8468C /* ViewController.swift */,
				477E1089253E7A1C00A8468C /* Main.storyboard */,
				477E108C253E7A1E00A8468C /* Assets.xcassets */,
				477E108E253E7A1E00A8468C /* LaunchScreen.storyboard */,
				477E1091253E7A1E00A8468C /* Info.plist */,
			);
			path = MobileExercise1;
			sourceTree = "<group>";
		};
/* End PBXGroup section */

/* Begin PBXNativeTarget section */
		477E107F253E7A1C00A8468C /* MobileExercise1 */ = {
			isa = PBXNativeTarget;
			buildConfigurationList = 477E1094253E7A1E00A8468C /* Build configuration list for PBXNativeTarget "MobileExercise1" */;
			buildPhases = (
				477E107C253E7A1C00A8468C /* Sources */,
				477E107D253E7A1C00A8468C /* Frameworks */,
				477E107E253E7A1C00A8468C /* Resources */,
			);
			buildRules = (
			);
			dependencies = (
			);
			name = MobileExercise1;
			productName = MobileExercise1;
			productReference = 477E1080253E7A1C00A8468C /* MobileExercise1.app */;
			productType = "com.apple.product-type.application";
		};
/* End PBXNativeTarget section */

/* Begin PBXProject section */
		477E1078253E7A1C00A8468C /* Project object */ = {
			isa = PBXProject;
			attributes = {
				LastSwiftUpdateCheck = 1170;
				LastUpgradeCheck = 1170;
				ORGANIZATIONNAME = "Charmagne Adonis";
				TargetAttributes = {
					477E107F253E7A1C00A8468C = {
						CreatedOnToolsVersion = 11.7;
					};
				};
			};
			buildConfigurationList = 477E107B253E7A1C00A8468C /* Build configuration list for PBXProject "MobileExercise1" */;
			compatibilityVersion = "Xcode 9.3";
			developmentRegion = en;
			hasScannedForEncodings = 0;
			knownRegions = (
				en,
				Base,
			);
			mainGroup = 477E1077253E7A1C00A8468C;
			productRefGroup = 477E1081253E7A1C00A8468C /* Products */;
			projectDirPath = "";
			projectRoot = "";
			targets = (
				477E107F253E7A1C00A8468C /* MobileExercise1 */,
			);
		};
/* End PBXProject section */

/* Begin PBXResourcesBuildPhase section */
		477E107E253E7A1C00A8468C /* Resources */ = {
			isa = PBXResourcesBuildPhase;
			buildActionMask = 2147483647;
			files = (
				477E1090253E7A1E00A8468C /* LaunchScreen.storyboard in Resources */,
				477E108D253E7A1E00A8468C /* Assets.xcassets in Resources */,
				477E108B253E7A1C00A8468C /* Main.storyboard in Resources */,
			);
			runOnlyForDeploymentPostprocessing = 0;
		};
/* End PBXResourcesBuildPhase section */

/* Begin PBXSourcesBuildPhase section */
		477E107C253E7A1C00A8468C /* Sources */ = {
			isa = PBXSourcesBuildPhase;
			buildActionMask = 2147483647;
			files = (
				477E1088253E7A1C00A8468C /* ViewController.swift in Sources */,
				477E1084253E7A1C00A8468C /* AppDelegate.swift in Sources */,
				477E1086253E7A1C00A8468C /* SceneDelegate.swift in Sources */,
			);
			runOnlyForDeploymentPostprocessing = 0;
		};
/* End PBXSourcesBuildPhase section */

/* Begin PBXVariantGroup section */
		477E1089253E7A1C00A8468C /* Main.storyboard */ = {
			isa = PBXVariantGroup;
			children = (
				477E108A253E7A1C00A8468C /* Base */,
			);
			name = Main.storyboard;
			sourceTree = "<group>";
		};
		477E108E253E7A1E00A8468C /* LaunchScreen.storyboard */ = {
			isa = PBXVariantGroup;
			children = (
				477E108F253E7A1E00A8468C /* Base */,
			);
			name = LaunchScreen.storyboard;
			sourceTree = "<group>";
		};
/* End PBXVariantGroup section */

/* Begin XCBuildConfiguration section */
		477E1092253E7A1E00A8468C /* Debug */ = {
			isa = XCBuildConfiguration;
			buildSettings = {
				ALWAYS_SEARCH_USER_PATHS = NO;
				CLANG_ANALYZER_NONNULL = YES;
				CLANG_ANALYZER_NUMBER_OBJECT_CONVERSION = YES_AGGRESSIVE;
				CLANG_CXX_LANGUAGE_STANDARD = "gnu++14";
				CLANG_CXX_LIBRARY = "libc++";
				CLANG_ENABLE_MODULES = YES;
				CLANG_ENABLE_OBJC_ARC = YES;
				CLANG_ENABLE_OBJC_WEAK = YES;
				CLANG_WARN_BLOCK_CAPTURE_AUTORELEASING = YES;
				CLANG_WARN_BOOL_CONVERSION = YES;
				CLANG_WARN_COMMA = YES;
				CLANG_WARN_CONSTANT_CONVERSION = YES;
				CLANG_WARN_DEPRECATED_OBJC_IMPLEMENTATIONS = YES;
				CLANG_WARN_DIRECT_OBJC_ISA_USAGE = YES_ERROR;
				CLANG_WARN_DOCUMENTATION_COMMENTS = YES;
				CLANG_WARN_EMPTY_BODY = YES;
				CLANG_WARN_ENUM_CONVERSION = YES;
				CLANG_WARN_INFINITE_RECURSION = YES;
				CLANG_WARN_INT_CONVERSION = YES;
				CLANG_WARN_NON_LITERAL_NULL_CONVERSION = YES;
				CLANG_WARN_OBJC_IMPLICIT_RETAIN_SELF = YES;
				CLANG_WARN_OBJC_LITERAL_CONVERSION = YES;
				CLANG_WARN_OBJC_ROOT_CLASS = YES_ERROR;
				CLANG_WARN_RANGE_LOOP_ANALYSIS = YES;
				CLANG_WARN_STRICT_PROTOTYPES = YES;
				CLANG_WARN_SUSPICIOUS_MOVE = YES;
				CLANG_WARN_UNGUARDED_AVAILABILITY = YES_AGGRESSIVE;
				CLANG_WARN_UNREACHABLE_CODE = YES;
				CLANG_WARN__DUPLICATE_METHOD_MATCH = YES;
				COPY_PHASE_STRIP = NO;
				DEBUG_INFORMATION_FORMAT = dwarf;
				ENABLE_STRICT_OBJC_MSGSEND = YES;
				ENABLE_TESTABILITY = YES;
				GCC_C_LANGUAGE_STANDARD = gnu11;
				GCC_DYNAMIC_NO_PIC = NO;
				GCC_NO_COMMON_BLOCKS = YES;
				GCC_OPTIMIZATION_LEVEL = 0;
				GCC_PREPROCESSOR_DEFINITIONS = (
					"DEBUG=1",
					"$(inherited)",
				);
				GCC_WARN_64_TO_32_BIT_CONVERSION = YES;
				GCC_WARN_ABOUT_RETURN_TYPE = YES_ERROR;
				GCC_WARN_UNDECLARED_SELECTOR = YES;
				GCC_WARN_UNINITIALIZED_AUTOS = YES_AGGRESSIVE;
				GCC_WARN_UNUSED_FUNCTION = YES;
				GCC_WARN_UNUSED_VARIABLE = YES;
				IPHONEOS_DEPLOYMENT_TARGET = 13.7;
				MTL_ENABLE_DEBUG_INFO = INCLUDE_SOURCE;
				MTL_FAST_MATH = YES;
				ONLY_ACTIVE_ARCH = YES;
				SDKROOT = iphoneos;
				SWIFT_ACTIVE_COMPILATION_CONDITIONS = DEBUG;
				SWIFT_OPTIMIZATION_LEVEL = "-Onone";
			};
			name = Debug;
		};
		477E1093253E7A1E00A8468C /* Release */ = {
			isa = XCBuildConfiguration;
			buildSettings = {
				ALWAYS_SEARCH_USER_PATHS = NO;
				CLANG_ANALYZER_NONNULL = YES;
				CLANG_ANALYZER_NUMBER_OBJECT_CONVERSION = YES_AGGRESSIVE;
				CLANG_CXX_LANGUAGE_STANDARD = "gnu++14";
				CLANG_CXX_LIBRARY = "libc++";
				CLANG_ENABLE_MODULES = YES;
				CLANG_ENABLE_OBJC_ARC = YES;
				CLANG_ENABLE_OBJC_WEAK = YES;
				CLANG_WARN_BLOCK_CAPTURE_AUTORELEASING = YES;
				CLANG_WARN_BOOL_CONVERSION = YES;
				CLANG_WARN_COMMA = YES;
				CLANG_WARN_CONSTANT_CONVERSION = YES;
				CLANG_WARN_DEPRECATED_OBJC_IMPLEMENTATIONS = YES;
				CLANG_WARN_DIRECT_OBJC_ISA_USAGE = YES_ERROR;
				CLANG_WARN_DOCUMENTATION_COMMENTS = YES;
				CLANG_WARN_EMPTY_BODY = YES;
				CLANG_WARN_ENUM_CONVERSION = YES;
				CLANG_WARN_INFINITE_RECURSION = YES;
				CLANG_WARN_INT_CONVERSION = YES;
				CLANG_WARN_NON_LITERAL_NULL_CONVERSION = YES;
				CLANG_WARN_OBJC_IMPLICIT_RETAIN_SELF = YES;
				CLANG_WARN_OBJC_LITERAL_CONVERSION = YES;
				CLANG_WARN_OBJC_ROOT_CLASS = YES_ERROR;
				CLANG_WARN_RANGE_LOOP_ANALYSIS = YES;
				CLANG_WARN_STRICT_PROTOTYPES = YES;
				CLANG_WARN_SUSPICIOUS_MOVE = YES;
				CLANG_WARN_UNGUARDED_AVAILABILITY = YES_AGGRESSIVE;
				CLANG_WARN_UNREACHABLE_CODE = YES;
				CLANG_WARN__DUPLICATE_METHOD_MATCH = YES;
				COPY_PHASE_STRIP = NO;
				DEBUG_INFORMATION_FORMAT = "dwarf-with-dsym";
				ENABLE_NS_ASSERTIONS = NO;
				ENABLE_STRICT_OBJC_MSGSEND = YES;
				GCC_C_LANGUAGE_STANDARD = gnu11;
				GCC_NO_COMMON_BLOCKS = YES;
				GCC_WARN_64_TO_32_BIT_CONVERSION = YES;
				GCC_WARN_ABOUT_RETURN_TYPE = YES_ERROR;
				GCC_WARN_UNDECLARED_SELECTOR = YES;
				GCC_WARN_UNINITIALIZED_AUTOS = YES_AGGRESSIVE;
				GCC_WARN_UNUSED_FUNCTION = YES;
				GCC_WARN_UNUSED_VARIABLE = YES;
				IPHONEOS_DEPLOYMENT_TARGET = 13.7;
				MTL_ENABLE_DEBUG_INFO = NO;
				MTL_FAST_MATH = YES;
				SDKROOT = iphoneos;
				SWIFT_COMPILATION_MODE = wholemodule;
				SWIFT_OPTIMIZATION_LEVEL = "-O";
				VALIDATE_PRODUCT = YES;
			};
			name = Release;
		};
		477E1095253E7A1E00A8468C /* Debug */ = {
			isa = XCBuildConfiguration;
			buildSettings = {
				ASSETCATALOG_COMPILER_APPICON_NAME = AppIcon;
				CODE_SIGN_STYLE = Automatic;
				DEVELOPMENT_TEAM = J43F92K3ZP;
				INFOPLIST_FILE = MobileExercise1/Info.plist;
				LD_RUNPATH_SEARCH_PATHS = (
					"$(inherited)",
					"@executable_path/Frameworks",
				);
				PRODUCT_BUNDLE_IDENTIFIER = com.exercise.MobileExercise1;
				PRODUCT_NAME = "$(TARGET_NAME)";
				SWIFT_VERSION = 5.0;
				TARGETED_DEVICE_FAMILY = "1,2";
			};
			name = Debug;
		};
		477E1096253E7A1E00A8468C /* Release */ = {
			isa = XCBuildConfiguration;
			buildSettings = {
				ASSETCATALOG_COMPILER_APPICON_NAME = AppIcon;
				CODE_SIGN_STYLE = Automatic;
				DEVELOPMENT_TEAM = J43F92K3ZP;
				INFOPLIST_FILE = MobileExercise1/Info.plist;
				LD_RUNPATH_SEARCH_PATHS = (
					"$(inherited)",
					"@executable_path/Frameworks",
				);
				PRODUCT_BUNDLE_IDENTIFIER = com.exercise.MobileExercise1;
				PRODUCT_NAME = "$(TARGET_NAME)";
				SWIFT_VERSION = 5.0;
				TARGETED_DEVICE_FAMILY = "1,2";
			};
			name = Release;
		};
/* End XCBuildConfiguration section */

/* Begin XCConfigurationList section */
		477E107B253E7A1C00A8468C /* Build configuration list for PBXProject "MobileExercise1" */ = {
			isa = XCConfigurationList;
			buildConfigurations = (
				477E1092253E7A1E00A8468C /* Debug */,
				477E1093253E7A1E00A8468C /* Release */,
			);
			defaultConfigurationIsVisible = 0;
			defaultConfigurationName = Release;
		};
		477E1094253E7A1E00A8468C /* Build configuration list for PBXNativeTarget "MobileExercise1" */ = {
			isa = XCConfigurationList;
			buildConfigurations = (
				477E1095253E7A1E00A8468C /* Debug */,
				477E1096253E7A1E00A8468C /* Release */,
			);
			defaultConfigurationIsVisible = 0;
			defaultConfigurationName = Release;
		};
/* End XCConfigurationList section */
	};
	rootObject = 477E1078253E7A1C00A8468C /* Project object */;
}
